{
  "name": "dunning-ui",
  "version": "0.1.0",
  "lockfileVersion": 3,
  "requires": true,
  "packages": {
    "": {
      "name": "dunning-ui",
      "version": "0.1.0",
      "private": true,
      "dependencies": {
        "axios": "^1.4.0",
        "react": "^18.2.0",
        "react-dom": "^18.2.0"
      },
      "devDependencies": {
        "@vitejs/plugin-react": "^4.0.0",
        "vite": "^5.3.0"
      },
      "engines": {
        "node": ">=16"
      }
    },
    "node_modules/@vitejs/plugin-react": {
      "version": "4.0.0",
      "resolved": "https://registry.npmjs.org/@vitejs/plugin-react/-/plugin-react-4.0.0.tgz",
      "integrity": "sha512-ue3mcpM4uQ0yS4m7lKdf9i0TQY80kZ6b3dQqqh9mNQwa6BdOeMoLbFISoIlxk7DWX7v4Uu8hK8lb0Zb9HQq4NQ==",
      "dev": true,
      "peerDependencies": {
        "vite": "^5.0.0"
      }
    },
    "node_modules/axios": {
      "version": "1.4.0",
      "resolved": "https://registry.npmjs.org/axios/-/axios-1.4.0.tgz",
      "integrity": "sha512-OJk0Yvi+A03+PCQJ1Djqz0IhcHHBlL5hOIEZo9PmxXy+2+rCN3Zmu1JXAdB2zqZtF1zGhvEHuBb6y03iGwpv8A==",
      "dependencies": {
        "follow-redirects": "^1.15.0",
        "form-data": "^4.0.0",
        "proxy-from-env": "^1.1.0"
      }
    },
    "node_modules/follow-redirects": {
      "version": "1.15.9",
      "resolved": "https://registry.npmjs.org/follow-redirects/-/follow-redirects-1.15.9.tgz",
      "integrity": "sha512-W6q/jpHeX5zF3b5IW9LqgIrmcQHq7dMBBmQUZz8d2Ggby8C47m4rM1W2iEZ4yA7+M5yR1zGIf22l41G6KyxP4g=="
    },
    "node_modules/form-data": {
      "version": "4.0.0",
      "resolved": "https://registry.npmjs.org/form-data/-/form-data-4.0.0.tgz",
      "integrity": "sha512-3DdlHda0GXJjpZEG1AqY+jN3twDqF3OlnY3Zf3gW1Cw+oQyRvM6rN3yU1ZITFz2IQx+S17CFq43kH9hj5dX1eg==",
      "dependencies": {
        "asynckit": "^0.4.0",
        "combined-stream": "^1.0.8",
        "mime-types": "^2.1.35"
      }
    },
    "node_modules/asynckit": {
      "version": "0.4.0",
      "resolved": "https://registry.npmjs.org/asynckit/-/asynckit-0.4.0.tgz",
      "integrity": "sha512-xQvjhi4umN1T+0BbtHq2cwrLp/3oZ2S9EeR8tXLLsN8M91N0tnZxvU64lThwG8AoYtVqkWJ8u8QSaLZ5lC8zjw=="
    },
    "node_modules/combined-stream": {
      "version": "1.0.8",
      "resolved": "https://registry.npmjs.org/combined-stream/-/combined-stream-1.0.8.tgz",
      "integrity": "sha512-FQN27C3H8xDdTz3lq8EZC1xHpiOS10XYE/0UDEe+9z6o4ZCEgjgMCiN5JAg9T1djO3Z8hPT1Njft8d6sFj3k3w==",
      "dependencies": {
        "delayed-stream": "~1.0.0"
      }
    },
    "node_modules/delayed-stream": {
      "version": "1.0.0",
      "resolved": "https://registry.npmjs.org/delayed-stream/-/delayed-stream-1.0.0.tgz",
      "integrity": "sha512-ZmXpIE6ehDmyNzQvKRSGpr2FGRPjZpwHnZb4LZLM3W0SEHQ+2SxZVt8HTBElzKtz6TZq2etVHPY/hQq4dJjZ1g=="
    },
    "node_modules/mime-db": {
      "version": "1.52.0",
      "resolved": "https://registry.npmjs.org/mime-db/-/mime-db-1.52.0.tgz",
      "integrity": "sha512-sUkQNJ7YkPx6PPz8zvhQ0z8SH+Rv0F8x3j9uFvSAnjFbChLrAYj0gQbclRg3szGJm5nLWfEYhHH+FvujqC9YJQ=="
    },
    "node_modules/mime-types": {
      "version": "2.1.35",
      "resolved": "https://registry.npmjs.org/mime-types/-/mime-types-2.1.35.tgz",
      "integrity": "sha512-FJviG7MAFQ6pP7h3EqflIN3hWAGJwUWBhVn5Jq7Zq6R6qvRLBww8LM8zklQ3MxGzZn1dO0FmlYH1B0YcKy8iTw==",
      "dependencies": {
        "mime-db": "1.52.0"
      }
    },
    "node_modules/proxy-from-env": {
      "version": "1.1.0",
      "resolved": "https://registry.npmjs.org/proxy-from-env/-/proxy-from-env-1.1.0.tgz",
      "integrity": "sha512-WW93fIGBk9BwZrgZRRGt1c7AgnvYwQ2hKDEc5QnxwVFCokmc6nMZlOtC9zO8HEZbKPg5VdQdR0hZPXBU+MyWjw=="
    },
    "node_modules/react": {
      "version": "18.2.0",
      "resolved": "https://registry.npmjs.org/react/-/react-18.2.0.tgz",
      "integrity": "sha512-GL4tM7WqXYSp2fVn98pVZP5RCq6y31xHWh5k1C8L2loS4tEL47cTnwbZqT/05OAGzfjzL2OBlmAFlbGCEdP3Kg=="
    },
    "node_modules/react-dom": {
      "version": "18.2.0",
      "resolved": "https://registry.npmjs.org/react-dom/-/react-dom-18.2.0.tgz",
      "integrity": "sha512-x9+SRd+6MIQbAr+Hkq6BBSWR4MCV+T8o4AGiQcG9ZJvPceT3znQ1qz6RfK7eYJigE8v8KZ9Ygn9zHCXwV5uChw==",
      "peerDependencies": {
        "react": "^18.2.0"
      }
    },
    "node_modules/vite": {
      "version": "5.3.0",
      "resolved": "https://registry.npmjs.org/vite/-/vite-5.3.0.tgz",
      "integrity": "sha512-1BKgCh3t+AtLb3h1AVoWiOQqp0vLqXyXef1H3YB69qEXzX4a2TSIh6hH9FrUz0RmS02J6HWX1zUOzYvVEnkjNw==",
      "dev": true,
      "engines": {
        "node": "^18.0.0 || >=20.0.0"
      }
    }
  }
}
